
Microsoft Visual Studio Solution File, Format Version 12.00
# Visual Studio Version 17
VisualStudioVersion = 17.7.34202.233
MinimumVisualStudioVersion = 10.0.40219.1
Project("{888888A0-9F3D-457C-B088-3A5042F75D52}") = "oop_queue", "oop_queue\oop_queue.pyproj", "{E3EBDDFD-1CBB-44AA-984E-7F031F78BBF1}"
EndProject
Global
	GlobalSection(SolutionConfigurationPlatforms) = preSolution
		Debug|Any CPU = Debug|Any CPU
		Release|Any CPU = Release|Any CPU
	EndGlobalSection
	GlobalSection(ProjectConfigurationPlatforms) = postSolution
		{E3EBDDFD-1CBB-44AA-984E-7F031F78BBF1}.Debug|Any CPU.ActiveCfg = Debug|Any CPU
		{E3EBDDFD-1CBB-44AA-984E-7F031F78BBF1}.Release|Any CPU.ActiveCfg = Release|Any CPU
	EndGlobalSection
	GlobalSection(SolutionProperties) = preSolution
		HideSolutionNode = FALSE
	EndGlobalSection
	GlobalSection(ExtensibilityGlobals) = postSolution
		SolutionGuid = {0C3E2735-C1EF-4A62-884B-F3B6969BF2C1}
	EndGlobalSection
EndGlobal
